Microsoft Visual Studio Solution File, Format Version 12.00
# Visual Studio Version 17
VisualStudioVersion = 17.5.2.0
MinimumVisualStudioVersion = 10.0.40219.1
Project("{FAE04EC0-301F-11D3-BF4B-00C04F79EFBC}") = "MissingNumbers", "MissingNumbers.csproj", "{70C974D4-5D81-F8D8-DCD5-CEA04A7467B6}"
EndProject
Global
	GlobalSection(SolutionConfigurationPlatforms) = preSolution
		Debug|Any CPU = Debug|Any CPU
		Release|Any CPU = Release|Any CPU
	EndGlobalSection
	GlobalSection(ProjectConfigurationPlatforms) = postSolution
		{70C974D4-5D81-F8D8-DCD5-CEA04A7467B6}.Debug|Any CPU.ActiveCfg = Debug|Any CPU
		{70C974D4-5D81-F8D8-DCD5-CEA04A7467B6}.Debug|Any CPU.Build.0 = Debug|Any CPU
		{70C974D4-5D81-F8D8-DCD5-CEA04A7467B6}.Release|Any CPU.ActiveCfg = Release|Any CPU
		{70C974D4-5D81-F8D8-DCD5-CEA04A7467B6}.Release|Any CPU.Build.0 = Release|Any CPU
	EndGlobalSection
	GlobalSection(SolutionProperties) = preSolution
		HideSolutionNode = FALSE
	EndGlobalSection
	GlobalSection(ExtensibilityGlobals) = postSolution
		SolutionGuid = {2E97EC78-C38D-4170-9FAE-71F62C12AEE5}
	EndGlobalSection
EndGlobal
